
Microsoft Visual Studio Solution File, Format Version 12.00
# Visual Studio Version 17
VisualStudioVersion = 17.2.32516.85
MinimumVisualStudioVersion = 10.0.40219.1
Project("{9A19103F-16F7-4668-BE54-9A1E7A4F7556}") = "TodoBlazorWasm", "TodoBlazorWasm\TodoBlazorWasm.csproj", "{C74E85A3-8F88-4801-86DA-76D4D3E54829}"
EndProject
Project("{FAE04EC0-301F-11D3-BF4B-00C04F79EFBC}") = "Todo.Shared", "Todo.Shared\Todo.Shared.csproj", "{826A5359-904F-4846-B37D-30E2844B221B}"
EndProject
Project("{FAE04EC0-301F-11D3-BF4B-00C04F79EFBC}") = "Todo.API", "Todo.API\Todo.API.csproj", "{5930FE68-73EF-4BFC-9ACF-21693E5C544B}"
EndProject
Project("{FAE04EC0-301F-11D3-BF4B-00C04F79EFBC}") = "Todo.API.DataProvider", "Todo.API.DataProvider\Todo.API.DataProvider.csproj", "{9E51E7E1-788C-45F4-9AAD-DAEE327EC0F6}"
EndProject
Global
	GlobalSection(SolutionConfigurationPlatforms) = preSolution
		Debug|Any CPU = Debug|Any CPU
		Release|Any CPU = Release|Any CPU
	EndGlobalSection
	GlobalSection(ProjectConfigurationPlatforms) = postSolution
		{C74E85A3-8F88-4801-86DA-76D4D3E54829}.Debug|Any CPU.ActiveCfg = Debug|Any CPU
		{C74E85A3-8F88-4801-86DA-76D4D3E54829}.Debug|Any CPU.Build.0 = Debug|Any CPU
		{C74E85A3-8F88-4801-86DA-76D4D3E54829}.Release|Any CPU.ActiveCfg = Release|Any CPU
		{C74E85A3-8F88-4801-86DA-76D4D3E54829}.Release|Any CPU.Build.0 = Release|Any CPU
		{826A5359-904F-4846-B37D-30E2844B221B}.Debug|Any CPU.ActiveCfg = Debug|Any CPU
		{826A5359-904F-4846-B37D-30E2844B221B}.Debug|Any CPU.Build.0 = Debug|Any CPU
		{826A5359-904F-4846-B37D-30E2844B221B}.Release|Any CPU.ActiveCfg = Release|Any CPU
		{826A5359-904F-4846-B37D-30E2844B221B}.Release|Any CPU.Build.0 = Release|Any CPU
		{5930FE68-73EF-4BFC-9ACF-21693E5C544B}.Debug|Any CPU.ActiveCfg = Debug|Any CPU
		{5930FE68-73EF-4BFC-9ACF-21693E5C544B}.Debug|Any CPU.Build.0 = Debug|Any CPU
		{5930FE68-73EF-4BFC-9ACF-21693E5C544B}.Release|Any CPU.ActiveCfg = Release|Any CPU
		{5930FE68-73EF-4BFC-9ACF-21693E5C544B}.Release|Any CPU.Build.0 = Release|Any CPU
		{9E51E7E1-788C-45F4-9AAD-DAEE327EC0F6}.Debug|Any CPU.ActiveCfg = Debug|Any CPU
		{9E51E7E1-788C-45F4-9AAD-DAEE327EC0F6}.Debug|Any CPU.Build.0 = Debug|Any CPU
		{9E51E7E1-788C-45F4-9AAD-DAEE327EC0F6}.Release|Any CPU.ActiveCfg = Release|Any CPU
		{9E51E7E1-788C-45F4-9AAD-DAEE327EC0F6}.Release|Any CPU.Build.0 = Release|Any CPU
	EndGlobalSection
	GlobalSection(SolutionProperties) = preSolution
		HideSolutionNode = FALSE
	EndGlobalSection
	GlobalSection(ExtensibilityGlobals) = postSolution
		SolutionGuid = {83653E09-9D1E-4DA4-9101-F45FB1C55ADA}
	EndGlobalSection
EndGlobal
