
Microsoft Visual Studio Solution File, Format Version 12.00
# Visual Studio Version 17
VisualStudioVersion = 17.2.32516.85
MinimumVisualStudioVersion = 10.0.40219.1
Project("{2150E333-8FDC-42A3-9474-1A3956D46DE8}") = "LiveCoding", "LiveCoding", "{4BD57877-8A59-4380-8F51-32392BB5354A}"
EndProject
Project("{FAE04EC0-301F-11D3-BF4B-00C04F79EFBC}") = "TodoBlazorWasm", "TodoBlazorWasm\TodoBlazorWasm.csproj", "{C74E85A3-8F88-4801-86DA-76D4D3E54829}"
EndProject
Global
	GlobalSection(SolutionConfigurationPlatforms) = preSolution
		Debug|Any CPU = Debug|Any CPU
		Release|Any CPU = Release|Any CPU
	EndGlobalSection
	GlobalSection(ProjectConfigurationPlatforms) = postSolution
		{C74E85A3-8F88-4801-86DA-76D4D3E54829}.Debug|Any CPU.ActiveCfg = Debug|Any CPU
		{C74E85A3-8F88-4801-86DA-76D4D3E54829}.Debug|Any CPU.Build.0 = Debug|Any CPU
		{C74E85A3-8F88-4801-86DA-76D4D3E54829}.Release|Any CPU.ActiveCfg = Release|Any CPU
		{C74E85A3-8F88-4801-86DA-76D4D3E54829}.Release|Any CPU.Build.0 = Release|Any CPU
	EndGlobalSection
	GlobalSection(SolutionProperties) = preSolution
		HideSolutionNode = FALSE
	EndGlobalSection
	GlobalSection(ExtensibilityGlobals) = postSolution
		SolutionGuid = {83653E09-9D1E-4DA4-9101-F45FB1C55ADA}
	EndGlobalSection
EndGlobal
